
Microsoft Visual Studio Solution File, Format Version 12.00
# Visual Studio 14
VisualStudioVersion = 14.0.25420.1
MinimumVisualStudioVersion = 10.0.40219.1
Project("{FAE04EC0-301F-11D3-BF4B-00C04F79EFBC}") = "AHGRPlatForm", "GRPlatForm\AHGRPlatForm.csproj", "{4B0410DC-9FA4-4E89-86AD-BEB0AB814578}"
EndProject
Project("{FAE04EC0-301F-11D3-BF4B-00C04F79EFBC}") = "HttpServerLib", "HttpServerLib\HttpServerLib.csproj", "{A277029D-88E6-43F3-A27D-D0EF62A01EEC}"
EndProject
Project("{FAE04EC0-301F-11D3-BF4B-00C04F79EFBC}") = "HttpServer", "HttpServer\HttpServer.csproj", "{74ACE3E6-1B73-48C4-BAAD-2C9B2190DF56}"
EndProject
Project("{FAE04EC0-301F-11D3-BF4B-00C04F79EFBC}") = "HttpModel", "HttpModel\HttpModel.csproj", "{A47C82E7-7C5F-4EC1-A988-33F6A0DBB54A}"
EndProject
Project("{FAE04EC0-301F-11D3-BF4B-00C04F79EFBC}") = "ConsumptionQueue", "ConsumptionQueue\ConsumptionQueue.csproj", "{9CBDB2DD-CC30-40B6-9484-412CBC134C21}"
EndProject
Project("{FAE04EC0-301F-11D3-BF4B-00C04F79EFBC}") = "ProcessHelper", "ProcessHelper\ProcessHelper.csproj", "{330AB192-F974-40FA-98B7-994C5EEAC6B5}"
EndProject
Global
	GlobalSection(SolutionConfigurationPlatforms) = preSolution
		Debug|Any CPU = Debug|Any CPU
		Debug|x86 = Debug|x86
		Release|Any CPU = Release|Any CPU
		Release|x86 = Release|x86
	EndGlobalSection
	GlobalSection(ProjectConfigurationPlatforms) = postSolution
		{4B0410DC-9FA4-4E89-86AD-BEB0AB814578}.Debug|Any CPU.ActiveCfg = Debug|x86
		{4B0410DC-9FA4-4E89-86AD-BEB0AB814578}.Debug|x86.ActiveCfg = Debug|x86
		{4B0410DC-9FA4-4E89-86AD-BEB0AB814578}.Debug|x86.Build.0 = Debug|x86
		{4B0410DC-9FA4-4E89-86AD-BEB0AB814578}.Release|Any CPU.ActiveCfg = Release|x86
		{4B0410DC-9FA4-4E89-86AD-BEB0AB814578}.Release|x86.ActiveCfg = Release|x86
		{4B0410DC-9FA4-4E89-86AD-BEB0AB814578}.Release|x86.Build.0 = Release|x86
		{A277029D-88E6-43F3-A27D-D0EF62A01EEC}.Debug|Any CPU.ActiveCfg = Debug|Any CPU
		{A277029D-88E6-43F3-A27D-D0EF62A01EEC}.Debug|Any CPU.Build.0 = Debug|Any CPU
		{A277029D-88E6-43F3-A27D-D0EF62A01EEC}.Debug|x86.ActiveCfg = Debug|Any CPU
		{A277029D-88E6-43F3-A27D-D0EF62A01EEC}.Debug|x86.Build.0 = Debug|Any CPU
		{A277029D-88E6-43F3-A27D-D0EF62A01EEC}.Release|Any CPU.ActiveCfg = Release|Any CPU
		{A277029D-88E6-43F3-A27D-D0EF62A01EEC}.Release|Any CPU.Build.0 = Release|Any CPU
		{A277029D-88E6-43F3-A27D-D0EF62A01EEC}.Release|x86.ActiveCfg = Release|Any CPU
		{A277029D-88E6-43F3-A27D-D0EF62A01EEC}.Release|x86.Build.0 = Release|Any CPU
		{74ACE3E6-1B73-48C4-BAAD-2C9B2190DF56}.Debug|Any CPU.ActiveCfg = Debug|Any CPU
		{74ACE3E6-1B73-48C4-BAAD-2C9B2190DF56}.Debug|Any CPU.Build.0 = Debug|Any CPU
		{74ACE3E6-1B73-48C4-BAAD-2C9B2190DF56}.Debug|x86.ActiveCfg = Debug|Any CPU
		{74ACE3E6-1B73-48C4-BAAD-2C9B2190DF56}.Debug|x86.Build.0 = Debug|Any CPU
		{74ACE3E6-1B73-48C4-BAAD-2C9B2190DF56}.Release|Any CPU.ActiveCfg = Release|Any CPU
		{74ACE3E6-1B73-48C4-BAAD-2C9B2190DF56}.Release|Any CPU.Build.0 = Release|Any CPU
		{74ACE3E6-1B73-48C4-BAAD-2C9B2190DF56}.Release|x86.ActiveCfg = Release|Any CPU
		{74ACE3E6-1B73-48C4-BAAD-2C9B2190DF56}.Release|x86.Build.0 = Release|Any CPU
		{A47C82E7-7C5F-4EC1-A988-33F6A0DBB54A}.Debug|Any CPU.ActiveCfg = Debug|Any CPU
		{A47C82E7-7C5F-4EC1-A988-33F6A0DBB54A}.Debug|Any CPU.Build.0 = Debug|Any CPU
		{A47C82E7-7C5F-4EC1-A988-33F6A0DBB54A}.Debug|x86.ActiveCfg = Debug|Any CPU
		{A47C82E7-7C5F-4EC1-A988-33F6A0DBB54A}.Debug|x86.Build.0 = Debug|Any CPU
		{A47C82E7-7C5F-4EC1-A988-33F6A0DBB54A}.Release|Any CPU.ActiveCfg = Release|Any CPU
		{A47C82E7-7C5F-4EC1-A988-33F6A0DBB54A}.Release|Any CPU.Build.0 = Release|Any CPU
		{A47C82E7-7C5F-4EC1-A988-33F6A0DBB54A}.Release|x86.ActiveCfg = Release|Any CPU
		{A47C82E7-7C5F-4EC1-A988-33F6A0DBB54A}.Release|x86.Build.0 = Release|Any CPU
		{9CBDB2DD-CC30-40B6-9484-412CBC134C21}.Debug|Any CPU.ActiveCfg = Debug|Any CPU
		{9CBDB2DD-CC30-40B6-9484-412CBC134C21}.Debug|Any CPU.Build.0 = Debug|Any CPU
		{9CBDB2DD-CC30-40B6-9484-412CBC134C21}.Debug|x86.ActiveCfg = Debug|Any CPU
		{9CBDB2DD-CC30-40B6-9484-412CBC134C21}.Debug|x86.Build.0 = Debug|Any CPU
		{9CBDB2DD-CC30-40B6-9484-412CBC134C21}.Release|Any CPU.ActiveCfg = Release|Any CPU
		{9CBDB2DD-CC30-40B6-9484-412CBC134C21}.Release|Any CPU.Build.0 = Release|Any CPU
		{9CBDB2DD-CC30-40B6-9484-412CBC134C21}.Release|x86.ActiveCfg = Release|Any CPU
		{9CBDB2DD-CC30-40B6-9484-412CBC134C21}.Release|x86.Build.0 = Release|Any CPU
		{330AB192-F974-40FA-98B7-994C5EEAC6B5}.Debug|Any CPU.ActiveCfg = Debug|Any CPU
		{330AB192-F974-40FA-98B7-994C5EEAC6B5}.Debug|Any CPU.Build.0 = Debug|Any CPU
		{330AB192-F974-40FA-98B7-994C5EEAC6B5}.Debug|x86.ActiveCfg = Debug|Any CPU
		{330AB192-F974-40FA-98B7-994C5EEAC6B5}.Debug|x86.Build.0 = Debug|Any CPU
		{330AB192-F974-40FA-98B7-994C5EEAC6B5}.Release|Any CPU.ActiveCfg = Release|Any CPU
		{330AB192-F974-40FA-98B7-994C5EEAC6B5}.Release|Any CPU.Build.0 = Release|Any CPU
		{330AB192-F974-40FA-98B7-994C5EEAC6B5}.Release|x86.ActiveCfg = Release|Any CPU
		{330AB192-F974-40FA-98B7-994C5EEAC6B5}.Release|x86.Build.0 = Release|Any CPU
	EndGlobalSection
	GlobalSection(SolutionProperties) = preSolution
		HideSolutionNode = FALSE
	EndGlobalSection
EndGlobal
